
Microsoft Visual Studio Solution File, Format Version 12.00
# Visual Studio Version 17
VisualStudioVersion = 17.11.35219.272
MinimumVisualStudioVersion = 10.0.40219.1
Project("{FAE04EC0-301F-11D3-BF4B-00C04F79EFBC}") = "Sudoku", "Sudoku\Sudoku.csproj", "{7105089B-4256-448A-9BC9-10EF539698C0}"
EndProject
Global
	GlobalSection(SolutionConfigurationPlatforms) = preSolution
		Debug|Any CPU = Debug|Any CPU
		Release|Any CPU = Release|Any CPU
	EndGlobalSection
	GlobalSection(ProjectConfigurationPlatforms) = postSolution
		{7105089B-4256-448A-9BC9-10EF539698C0}.Debug|Any CPU.ActiveCfg = Debug|Any CPU
		{7105089B-4256-448A-9BC9-10EF539698C0}.Debug|Any CPU.Build.0 = Debug|Any CPU
		{7105089B-4256-448A-9BC9-10EF539698C0}.Release|Any CPU.ActiveCfg = Release|Any CPU
		{7105089B-4256-448A-9BC9-10EF539698C0}.Release|Any CPU.Build.0 = Release|Any CPU
	EndGlobalSection
	GlobalSection(SolutionProperties) = preSolution
		HideSolutionNode = FALSE
	EndGlobalSection
	GlobalSection(ExtensibilityGlobals) = postSolution
		SolutionGuid = {6569817B-9C62-4183-BDCB-D79B35207605}
	EndGlobalSection
EndGlobal
