
Microsoft Visual Studio Solution File, Format Version 12.00
# Visual Studio Version 17
VisualStudioVersion = 17.11.35219.272
MinimumVisualStudioVersion = 10.0.40219.1
Project("{FAE04EC0-301F-11D3-BF4B-00C04F79EFBC}") = "Calculator", "Calculator\Calculator.csproj", "{4A1F19AC-CD0F-40DA-8482-7E4E724FD48B}"
EndProject
Global
	GlobalSection(SolutionConfigurationPlatforms) = preSolution
		Debug|Any CPU = Debug|Any CPU
		Release|Any CPU = Release|Any CPU
	EndGlobalSection
	GlobalSection(ProjectConfigurationPlatforms) = postSolution
		{4A1F19AC-CD0F-40DA-8482-7E4E724FD48B}.Debug|Any CPU.ActiveCfg = Debug|Any CPU
		{4A1F19AC-CD0F-40DA-8482-7E4E724FD48B}.Debug|Any CPU.Build.0 = Debug|Any CPU
		{4A1F19AC-CD0F-40DA-8482-7E4E724FD48B}.Release|Any CPU.ActiveCfg = Release|Any CPU
		{4A1F19AC-CD0F-40DA-8482-7E4E724FD48B}.Release|Any CPU.Build.0 = Release|Any CPU
	EndGlobalSection
	GlobalSection(SolutionProperties) = preSolution
		HideSolutionNode = FALSE
	EndGlobalSection
	GlobalSection(ExtensibilityGlobals) = postSolution
		SolutionGuid = {ACD96C7B-F8D7-48D9-8CCA-2700E571B1D8}
	EndGlobalSection
EndGlobal
